
Microsoft Visual Studio Solution File, Format Version 12.00
# Visual Studio Version 17
VisualStudioVersion = 17.4.33213.308
MinimumVisualStudioVersion = 10.0.40219.1
Project("{9A19103F-16F7-4668-BE54-9A1E7A4F7556}") = "EcomSite.Server", "EcomSite\Server\EcomSite.Server.csproj", "{07891F78-4D77-449F-8E00-540AECB9035E}"
EndProject
Project("{9A19103F-16F7-4668-BE54-9A1E7A4F7556}") = "EcomSite.Client", "EcomSite\Client\EcomSite.Client.csproj", "{3F354463-3E65-4240-A1D2-2B1236A42CDD}"
EndProject
Project("{9A19103F-16F7-4668-BE54-9A1E7A4F7556}") = "EcomSite.Shared", "EcomSite\Shared\EcomSite.Shared.csproj", "{5BAEE8F2-57B8-4C4C-B9D4-C438CE6CBD11}"
EndProject
Global
	GlobalSection(SolutionConfigurationPlatforms) = preSolution
		Debug|Any CPU = Debug|Any CPU
		Release|Any CPU = Release|Any CPU
	EndGlobalSection
	GlobalSection(ProjectConfigurationPlatforms) = postSolution
		{07891F78-4D77-449F-8E00-540AECB9035E}.Debug|Any CPU.ActiveCfg = Debug|Any CPU
		{07891F78-4D77-449F-8E00-540AECB9035E}.Debug|Any CPU.Build.0 = Debug|Any CPU
		{07891F78-4D77-449F-8E00-540AECB9035E}.Release|Any CPU.ActiveCfg = Release|Any CPU
		{07891F78-4D77-449F-8E00-540AECB9035E}.Release|Any CPU.Build.0 = Release|Any CPU
		{3F354463-3E65-4240-A1D2-2B1236A42CDD}.Debug|Any CPU.ActiveCfg = Debug|Any CPU
		{3F354463-3E65-4240-A1D2-2B1236A42CDD}.Debug|Any CPU.Build.0 = Debug|Any CPU
		{3F354463-3E65-4240-A1D2-2B1236A42CDD}.Release|Any CPU.ActiveCfg = Release|Any CPU
		{3F354463-3E65-4240-A1D2-2B1236A42CDD}.Release|Any CPU.Build.0 = Release|Any CPU
		{5BAEE8F2-57B8-4C4C-B9D4-C438CE6CBD11}.Debug|Any CPU.ActiveCfg = Debug|Any CPU
		{5BAEE8F2-57B8-4C4C-B9D4-C438CE6CBD11}.Debug|Any CPU.Build.0 = Debug|Any CPU
		{5BAEE8F2-57B8-4C4C-B9D4-C438CE6CBD11}.Release|Any CPU.ActiveCfg = Release|Any CPU
		{5BAEE8F2-57B8-4C4C-B9D4-C438CE6CBD11}.Release|Any CPU.Build.0 = Release|Any CPU
	EndGlobalSection
	GlobalSection(SolutionProperties) = preSolution
		HideSolutionNode = FALSE
	EndGlobalSection
	GlobalSection(ExtensibilityGlobals) = postSolution
		SolutionGuid = {3FC61809-AC1D-4E17-B4B3-5536EE1D1341}
	EndGlobalSection
EndGlobal
